
Microsoft Visual Studio Solution File, Format Version 10.00
# Visual Studio 2008
Project("{FAE04EC0-301F-11D3-BF4B-00C04F79EFBC}") = "ASPPatterns.Chap5.LayerSuperType.Model", "ASPPatterns.Chap5.LayerSuperType.Model\ASPPatterns.Chap5.LayerSuperType.Model.csproj", "{F674BAB7-4BE3-4119-9F6C-25C3A473D410}"
EndProject
Project("{FAE04EC0-301F-11D3-BF4B-00C04F79EFBC}") = "ASPPatterns.Chap5.LayerSuperType.Tests", "ASPPatterns.Chap5.LayerSuperType.Tests\ASPPatterns.Chap5.LayerSuperType.Tests.csproj", "{72352F37-1A99-4286-BC24-B335AFD35647}"
EndProject
Project("{2150E333-8FDC-42A3-9474-1A3956D46DE8}") = "Lib", "Lib", "{80953A26-90F4-4F39-87D0-49F19FCF00CF}"
	ProjectSection(SolutionItems) = preProject
		Lib\nunit.framework.dll = Lib\nunit.framework.dll
	EndProjectSection
EndProject
Global
	GlobalSection(SolutionConfigurationPlatforms) = preSolution
		Debug|Any CPU = Debug|Any CPU
		Release|Any CPU = Release|Any CPU
	EndGlobalSection
	GlobalSection(ProjectConfigurationPlatforms) = postSolution
		{F674BAB7-4BE3-4119-9F6C-25C3A473D410}.Debug|Any CPU.ActiveCfg = Debug|Any CPU
		{F674BAB7-4BE3-4119-9F6C-25C3A473D410}.Debug|Any CPU.Build.0 = Debug|Any CPU
		{F674BAB7-4BE3-4119-9F6C-25C3A473D410}.Release|Any CPU.ActiveCfg = Release|Any CPU
		{F674BAB7-4BE3-4119-9F6C-25C3A473D410}.Release|Any CPU.Build.0 = Release|Any CPU
		{72352F37-1A99-4286-BC24-B335AFD35647}.Debug|Any CPU.ActiveCfg = Debug|Any CPU
		{72352F37-1A99-4286-BC24-B335AFD35647}.Debug|Any CPU.Build.0 = Debug|Any CPU
		{72352F37-1A99-4286-BC24-B335AFD35647}.Release|Any CPU.ActiveCfg = Release|Any CPU
		{72352F37-1A99-4286-BC24-B335AFD35647}.Release|Any CPU.Build.0 = Release|Any CPU
	EndGlobalSection
	GlobalSection(SolutionProperties) = preSolution
		HideSolutionNode = FALSE
	EndGlobalSection
EndGlobal
