
Microsoft Visual Studio Solution File, Format Version 10.00
# Visual Studio 2008
Project("{FAE04EC0-301F-11D3-BF4B-00C04F79EFBC}") = "ASPPatterns.Chap5.DependencyInjection.Model", "ASPPatterns.Chap5.DependencyInjection.Model\ASPPatterns.Chap5.DependencyInjection.Model.csproj", "{75F313A1-D98B-47C7-B18B-3F9E7AFED3A7}"
EndProject
Project("{2150E333-8FDC-42A3-9474-1A3956D46DE8}") = "Lib", "Lib", "{F4234469-5A39-4CC7-AE78-5D2F59BD0B5D}"
	ProjectSection(SolutionItems) = preProject
		lib\nunit.framework.dll = lib\nunit.framework.dll
	EndProjectSection
EndProject
Global
	GlobalSection(SolutionConfigurationPlatforms) = preSolution
		Debug|Any CPU = Debug|Any CPU
		Release|Any CPU = Release|Any CPU
	EndGlobalSection
	GlobalSection(ProjectConfigurationPlatforms) = postSolution
		{75F313A1-D98B-47C7-B18B-3F9E7AFED3A7}.Debug|Any CPU.ActiveCfg = Debug|Any CPU
		{75F313A1-D98B-47C7-B18B-3F9E7AFED3A7}.Debug|Any CPU.Build.0 = Debug|Any CPU
		{75F313A1-D98B-47C7-B18B-3F9E7AFED3A7}.Release|Any CPU.ActiveCfg = Release|Any CPU
		{75F313A1-D98B-47C7-B18B-3F9E7AFED3A7}.Release|Any CPU.Build.0 = Release|Any CPU
	EndGlobalSection
	GlobalSection(SolutionProperties) = preSolution
		HideSolutionNode = FALSE
	EndGlobalSection
EndGlobal
