
Microsoft Visual Studio Solution File, Format Version 10.00
# Visual Studio 2008
Project("{FAE04EC0-301F-11D3-BF4B-00C04F79EFBC}") = "ASPPatterns.chap5.FactoryPattern.Tests", "ASPPatterns.chap5.FactoryPattern.Tests\ASPPatterns.chap5.FactoryPattern.Tests.csproj", "{EC990FC8-1842-4020-AD4F-9DE6C1AB878C}"
EndProject
Project("{FAE04EC0-301F-11D3-BF4B-00C04F79EFBC}") = "ASPPatterns.chap5.FactoryPattern.Model", "ASPPatterns.chap5.FactoryPattern.Model\ASPPatterns.chap5.FactoryPattern.Model.csproj", "{251AA18E-78EE-47EA-A1C9-812629FB272C}"
EndProject
Project("{2150E333-8FDC-42A3-9474-1A3956D46DE8}") = "lib", "lib", "{B86D8078-5549-488C-A020-6770AF0962F8}"
	ProjectSection(SolutionItems) = preProject
		Lib\nunit.framework.dll = Lib\nunit.framework.dll
	EndProjectSection
EndProject
Global
	GlobalSection(SolutionConfigurationPlatforms) = preSolution
		Debug|Any CPU = Debug|Any CPU
		Release|Any CPU = Release|Any CPU
	EndGlobalSection
	GlobalSection(ProjectConfigurationPlatforms) = postSolution
		{EC990FC8-1842-4020-AD4F-9DE6C1AB878C}.Debug|Any CPU.ActiveCfg = Debug|Any CPU
		{EC990FC8-1842-4020-AD4F-9DE6C1AB878C}.Debug|Any CPU.Build.0 = Debug|Any CPU
		{EC990FC8-1842-4020-AD4F-9DE6C1AB878C}.Release|Any CPU.ActiveCfg = Release|Any CPU
		{EC990FC8-1842-4020-AD4F-9DE6C1AB878C}.Release|Any CPU.Build.0 = Release|Any CPU
		{251AA18E-78EE-47EA-A1C9-812629FB272C}.Debug|Any CPU.ActiveCfg = Debug|Any CPU
		{251AA18E-78EE-47EA-A1C9-812629FB272C}.Debug|Any CPU.Build.0 = Debug|Any CPU
		{251AA18E-78EE-47EA-A1C9-812629FB272C}.Release|Any CPU.ActiveCfg = Release|Any CPU
		{251AA18E-78EE-47EA-A1C9-812629FB272C}.Release|Any CPU.Build.0 = Release|Any CPU
	EndGlobalSection
	GlobalSection(SolutionProperties) = preSolution
		HideSolutionNode = FALSE
	EndGlobalSection
EndGlobal
