
Microsoft Visual Studio Solution File, Format Version 10.00
# Visual Studio 2008
Project("{FAE04EC0-301F-11D3-BF4B-00C04F79EFBC}") = "ASPPatterns.Chap5.InterfaceSegregation.Model", "ASPPatterns.Chap5.InterfaceSegregation\ASPPatterns.Chap5.InterfaceSegregation.Model.csproj", "{73FE1D53-C975-45A0-BBB4-D172033683AE}"
EndProject
Global
	GlobalSection(SolutionConfigurationPlatforms) = preSolution
		Debug|Any CPU = Debug|Any CPU
		Release|Any CPU = Release|Any CPU
	EndGlobalSection
	GlobalSection(ProjectConfigurationPlatforms) = postSolution
		{73FE1D53-C975-45A0-BBB4-D172033683AE}.Debug|Any CPU.ActiveCfg = Debug|Any CPU
		{73FE1D53-C975-45A0-BBB4-D172033683AE}.Debug|Any CPU.Build.0 = Debug|Any CPU
		{73FE1D53-C975-45A0-BBB4-D172033683AE}.Release|Any CPU.ActiveCfg = Release|Any CPU
		{73FE1D53-C975-45A0-BBB4-D172033683AE}.Release|Any CPU.Build.0 = Release|Any CPU
	EndGlobalSection
	GlobalSection(SolutionProperties) = preSolution
		HideSolutionNode = FALSE
	EndGlobalSection
EndGlobal
