
Microsoft Visual Studio Solution File, Format Version 10.00
# Visual Studio 2008
Project("{FAE04EC0-301F-11D3-BF4B-00C04F79EFBC}") = "ASPPatterns.Chap5.Specification.Model", "ASPPatterns.Chap5.Specification.Model\ASPPatterns.Chap5.Specification.Model.csproj", "{47A7962E-71DC-422D-85F6-E6089B516D47}"
EndProject
Project("{FAE04EC0-301F-11D3-BF4B-00C04F79EFBC}") = "ASPPatterns.Chap5.Specification.Tests", "ASPPatterns.Chap5.Specification.Tests\ASPPatterns.Chap5.Specification.Tests.csproj", "{4B59DBAF-B265-4ED7-9672-9D30BC5A691F}"
EndProject
Project("{2150E333-8FDC-42A3-9474-1A3956D46DE8}") = "Lib", "Lib", "{FE8E45BA-CF8B-436B-89BB-DE02EE1CC01B}"
	ProjectSection(SolutionItems) = preProject
		Lib\nunit.framework.dll = Lib\nunit.framework.dll
	EndProjectSection
EndProject
Global
	GlobalSection(SolutionConfigurationPlatforms) = preSolution
		Debug|Any CPU = Debug|Any CPU
		Release|Any CPU = Release|Any CPU
	EndGlobalSection
	GlobalSection(ProjectConfigurationPlatforms) = postSolution
		{47A7962E-71DC-422D-85F6-E6089B516D47}.Debug|Any CPU.ActiveCfg = Debug|Any CPU
		{47A7962E-71DC-422D-85F6-E6089B516D47}.Debug|Any CPU.Build.0 = Debug|Any CPU
		{47A7962E-71DC-422D-85F6-E6089B516D47}.Release|Any CPU.ActiveCfg = Release|Any CPU
		{47A7962E-71DC-422D-85F6-E6089B516D47}.Release|Any CPU.Build.0 = Release|Any CPU
		{4B59DBAF-B265-4ED7-9672-9D30BC5A691F}.Debug|Any CPU.ActiveCfg = Debug|Any CPU
		{4B59DBAF-B265-4ED7-9672-9D30BC5A691F}.Debug|Any CPU.Build.0 = Debug|Any CPU
		{4B59DBAF-B265-4ED7-9672-9D30BC5A691F}.Release|Any CPU.ActiveCfg = Release|Any CPU
		{4B59DBAF-B265-4ED7-9672-9D30BC5A691F}.Release|Any CPU.Build.0 = Release|Any CPU
	EndGlobalSection
	GlobalSection(SolutionProperties) = preSolution
		HideSolutionNode = FALSE
	EndGlobalSection
EndGlobal
