
Microsoft Visual Studio Solution File, Format Version 10.00
# Visual Studio 2008
Project("{FAE04EC0-301F-11D3-BF4B-00C04F79EFBC}") = "ASPPatterns.Chap5.StrategyPattern.Model", "ASPPatterns.Chap5.StrategyPattern.Model\ASPPatterns.Chap5.StrategyPattern.Model.csproj", "{EE214F9F-2844-4FD4-B720-241588ED8133}"
EndProject
Project("{FAE04EC0-301F-11D3-BF4B-00C04F79EFBC}") = "ASPPatterns.Chap5.StrategyPattern.Tests", "ASPPatterns.Chap5.StrategyPattern.Tests\ASPPatterns.Chap5.StrategyPattern.Tests.csproj", "{615B91F1-098A-4EB7-980B-AC02E3B39869}"
EndProject
Project("{2150E333-8FDC-42A3-9474-1A3956D46DE8}") = "Lib", "Lib", "{F9866A6B-FABF-4965-94A5-448158B926E5}"
	ProjectSection(SolutionItems) = preProject
		Lib\nunit.framework.dll = Lib\nunit.framework.dll
	EndProjectSection
EndProject
Global
	GlobalSection(SolutionConfigurationPlatforms) = preSolution
		Debug|Any CPU = Debug|Any CPU
		Release|Any CPU = Release|Any CPU
	EndGlobalSection
	GlobalSection(ProjectConfigurationPlatforms) = postSolution
		{EE214F9F-2844-4FD4-B720-241588ED8133}.Debug|Any CPU.ActiveCfg = Debug|Any CPU
		{EE214F9F-2844-4FD4-B720-241588ED8133}.Debug|Any CPU.Build.0 = Debug|Any CPU
		{EE214F9F-2844-4FD4-B720-241588ED8133}.Release|Any CPU.ActiveCfg = Release|Any CPU
		{EE214F9F-2844-4FD4-B720-241588ED8133}.Release|Any CPU.Build.0 = Release|Any CPU
		{615B91F1-098A-4EB7-980B-AC02E3B39869}.Debug|Any CPU.ActiveCfg = Debug|Any CPU
		{615B91F1-098A-4EB7-980B-AC02E3B39869}.Debug|Any CPU.Build.0 = Debug|Any CPU
		{615B91F1-098A-4EB7-980B-AC02E3B39869}.Release|Any CPU.ActiveCfg = Release|Any CPU
		{615B91F1-098A-4EB7-980B-AC02E3B39869}.Release|Any CPU.Build.0 = Release|Any CPU
	EndGlobalSection
	GlobalSection(SolutionProperties) = preSolution
		HideSolutionNode = FALSE
	EndGlobalSection
EndGlobal
