
Microsoft Visual Studio Solution File, Format Version 10.00
# Visual Studio 2008
Project("{FAE04EC0-301F-11D3-BF4B-00C04F79EFBC}") = "ASPPatterns.chap5.TemplateMethodPattern.Model", "ASPPatterns.chap5.TemplateMethodPattern.Model\ASPPatterns.chap5.TemplateMethodPattern.Model.csproj", "{4FDFB7A2-3498-4881-94F3-541850E232C7}"
EndProject
Global
	GlobalSection(SolutionConfigurationPlatforms) = preSolution
		Debug|Any CPU = Debug|Any CPU
		Release|Any CPU = Release|Any CPU
	EndGlobalSection
	GlobalSection(ProjectConfigurationPlatforms) = postSolution
		{4FDFB7A2-3498-4881-94F3-541850E232C7}.Debug|Any CPU.ActiveCfg = Debug|Any CPU
		{4FDFB7A2-3498-4881-94F3-541850E232C7}.Debug|Any CPU.Build.0 = Debug|Any CPU
		{4FDFB7A2-3498-4881-94F3-541850E232C7}.Release|Any CPU.ActiveCfg = Release|Any CPU
		{4FDFB7A2-3498-4881-94F3-541850E232C7}.Release|Any CPU.Build.0 = Release|Any CPU
	EndGlobalSection
	GlobalSection(SolutionProperties) = preSolution
		HideSolutionNode = FALSE
	EndGlobalSection
EndGlobal
